{
  "version": 1,
  "dependencies": {
    "net8.0-windows7.0": {
      "DalamudPackager": {
        "type": "Direct",
        "requested": "[2.1.13, )",
        "resolved": "2.1.13",
        "contentHash": "rMN1omGe8536f4xLMvx9NwfvpAc9YFFfeXJ1t4P4PE6Gu8WCIoFliR1sh07hM+bfODmesk/dvMbji7vNI+B/pQ=="
      },
      "NetEscapades.EnumGenerators": {
        "type": "Transitive",
        "resolved": "1.0.0-beta08",
        "contentHash": "xMALwEe2raVfGmczJUJzLQuxKL9f3NnsArSGgG1YH2sUqb5GAmqzyKa+oNGfJS+tRdj6NY4+DlcbAmliNoBMdg=="
      },
      "xpahtalib": {
        "type": "Project",
        "dependencies": {
          "NetEscapades.EnumGenerators": "[1.0.0-beta08, )"
        }
      }
    }
  }
}